{
  "name": "yolang",
  "version": "0.0.1",
  "lockfileVersion": 2,
  "requires": true,
  "packages": {
    "": {
      "version": "0.0.1",
      "license": "MIT",
      "dependencies": {
        "binaryen": "^101.0.0"
      },
      "devDependencies": {
        "rescript": "^9.1.2"
      }
    },
    "node_modules/binaryen": {
      "version": "101.0.0",
      "resolved": "https://registry.npmjs.org/binaryen/-/binaryen-101.0.0.tgz",
      "integrity": "sha512-FRmVxvrR8jtcf0qcukNAPZDM3dZ2sc9GmA/hKxBI7k3fFzREKh1cAs+ruQi+ITTKz7u/AuFMuVnbJwTh0ef/HQ==",
      "bin": {
        "wasm-opt": "bin/wasm-opt"
      }
    },
    "node_modules/rescript": {
      "version": "9.1.2",
      "resolved": "https://registry.npmjs.org/rescript/-/rescript-9.1.2.tgz",
      "integrity": "sha512-4wHvTDv3nyYnAPJHcg1RGG8z7u3HDiBf6RN3P/dITDv859Qo35aKOzJWQtfBzbAs0EKNafLqei3TnUqiAv6BwQ==",
      "dev": true,
      "hasInstallScript": true,
      "bin": {
        "bsc": "bsc",
        "bsrefmt": "bsrefmt",
        "bstracing": "lib/bstracing",
        "rescript": "rescript"
      }
    }
  },
  "dependencies": {
    "binaryen": {
      "version": "101.0.0",
      "resolved": "https://registry.npmjs.org/binaryen/-/binaryen-101.0.0.tgz",
      "integrity": "sha512-FRmVxvrR8jtcf0qcukNAPZDM3dZ2sc9GmA/hKxBI7k3fFzREKh1cAs+ruQi+ITTKz7u/AuFMuVnbJwTh0ef/HQ=="
    },
    "rescript": {
      "version": "9.1.2",
      "resolved": "https://registry.npmjs.org/rescript/-/rescript-9.1.2.tgz",
      "integrity": "sha512-4wHvTDv3nyYnAPJHcg1RGG8z7u3HDiBf6RN3P/dITDv859Qo35aKOzJWQtfBzbAs0EKNafLqei3TnUqiAv6BwQ==",
      "dev": true
    }
  }
}
